RyukyuInteractive/inta:
  - .claude/agents/debugger.md
  - .claude/agents/developer.md
  - .claude/agents/hacker.md
  - .claude/rules/md.md
  - .claude/rules/ts.md
  - .claude/skills/docs/SKILL.md
  - .claude/skills/docs/references/api-schema.md
  - .claude/skills/docs/references/architecture.md
  - .claude/skills/docs/references/backlogs.md
  - .claude/skills/docs/references/capabilities.md
  - .claude/skills/docs/references/components.md
  - .claude/skills/docs/references/decisions.md
  - .claude/skills/docs/references/domain.md
  - .claude/skills/docs/references/features.md
  - .claude/skills/docs/references/glossary.md
  - .claude/skills/docs/references/human-claude-zone.md
  - .claude/skills/docs/references/index.md
  - .claude/skills/docs/references/integrations.md
  - .claude/skills/docs/references/manual.md
  - .claude/skills/docs/references/milestones.md
  - .claude/skills/docs/references/roles-and-permissions.md
  - .claude/skills/docs/references/signals.md
  - .claude/skills/docs/references/sitemap.md
  - .claude/skills/docs/references/sources.md
  - .claude/skills/docs/references/stories.md
  - .claude/skills/docs/references/validation.md
  - .claude/skills/docs/references/value.md
  - .claude/skills/docs/references/writing-rules.md
  - .claude/skills/gh-issue-template/SKILL.md
  - .claude/skills/triage/SKILL.md
  - .claude/skills/triage/references/screenshot-upload.md
  - .github/ISSUE_TEMPLATE.md
  - .github/PULL_REQUEST_TEMPLATE.md
  - .github/instructions/ts.instructions.md
RyukyuInteractive/inta#open-artifacts:
  - .claude/agents/hacker.md
  - .claude/rules/md.md
  - .claude/rules/ts.md
  - .claude/skills/dev/CLAUDE.md
  - .claude/skills/dev/SKILL.md
  - .claude/skills/dev/commands/drift.md
  - .claude/skills/dev/commands/features-sync.md
  - .claude/skills/dev/commands/links.md
  - .claude/skills/dev/commands/next.md
  - .claude/skills/dev/commands/skills.md
  - .claude/skills/dev/references/design/api.md
  - .claude/skills/dev/references/design/architecture.md
  - .claude/skills/dev/references/design/database.md
  - .claude/skills/dev/references/design/error-handling.md
  - .claude/skills/dev/references/design/fluent-api.md
  - .claude/skills/dev/references/design/fsm.md
  - .claude/skills/dev/references/design/page-routing.md
  - .claude/skills/dev/references/design/phantom-type.md
  - .claude/skills/dev/references/design/react.md
  - .claude/skills/dev/references/design/reducer.md
  - .claude/skills/dev/references/design/service-layer.md
  - .claude/skills/dev/references/design/ux-five-planes.md
  - .claude/skills/dev/references/design/value-object.md
  - .claude/skills/dev/references/docs/api-schema.md
  - .claude/skills/dev/references/docs/architecture.md
  - .claude/skills/dev/references/docs/backlogs.md
  - .claude/skills/dev/references/docs/capabilities.md
  - .claude/skills/dev/references/docs/components.md
  - .claude/skills/dev/references/docs/decisions.md
  - .claude/skills/dev/references/docs/domain.md
  - .claude/skills/dev/references/docs/features.md
  - .claude/skills/dev/references/docs/glossary.md
  - .claude/skills/dev/references/docs/human-claude-zone.md
  - .claude/skills/dev/references/docs/index.md
  - .claude/skills/dev/references/docs/integrations.md
  - .claude/skills/dev/references/docs/manual.md
  - .claude/skills/dev/references/docs/milestones.md
  - .claude/skills/dev/references/docs/notes.md
  - .claude/skills/dev/references/docs/page-capabilities.md
  - .claude/skills/dev/references/docs/pages.md
  - .claude/skills/dev/references/docs/roles-and-permissions.md
  - .claude/skills/dev/references/docs/signals.md
  - .claude/skills/dev/references/docs/sitemap.md
  - .claude/skills/dev/references/docs/sources.md
  - .claude/skills/dev/references/docs/stories.md
  - .claude/skills/dev/references/docs/validation.md
  - .claude/skills/dev/references/docs/value.md
  - .claude/skills/dev/references/docs/writing-rules.md
  - .claude/skills/dev/references/request.md
  - .claude/skills/dev/references/tools/dev-server.md
  - .claude/skills/dev/references/tools/gh-templates.md
  - .claude/skills/dev/references/tools/gh.md
  - .claude/skills/dev/references/tools/review.md
  - .claude/skills/dev/references/tools/screenshot-upload.md
  - .github/ISSUE_TEMPLATE.md
  - .github/PULL_REQUEST_TEMPLATE.md
  - .github/instructions/ts.instructions.md
